// !$*UTF8*$!
{
	archiveVersion = 1;
	classes = {
	};
	objectVersion = 46;
	objects = {

/* Begin PBXBuildFile section */
		309B914F1EAFA54C002557B1 /* main.m in Sources */ = {isa = PBXBuildFile; fileRef = 309B914E1EAFA54C002557B1 /* main.m */; };
		309B91521EAFA54C002557B1 /* AppDelegate.m in Sources */ = {isa = PBXBuildFile; fileRef = 309B91511EAFA54C002557B1 /* AppDelegate.m */; };
		309B91551EAFA54C002557B1 /* ViewController.m in Sources */ = {isa = PBXBuildFile; fileRef = 309B91541EAFA54C002557B1 /* ViewController.m */; };
		309B91581EAFA54C002557B1 /* Main.storyboard in Resources */ = {isa = PBXBuildFile; fileRef = 309B91561EAFA54C002557B1 /* Main.storyboard */; };
		309B915A1EAFA54C002557B1 /* Assets.xcassets in Resources */ = {isa = PBXBuildFile; fileRef = 309B91591EAFA54C002557B1 /* Assets.xcassets */; };
		309B915D1EAFA54C002557B1 /* LaunchScreen.storyboard in Resources */ = {isa = PBXBuildFile; fileRef = 309B915B1EAFA54C002557B1 /* LaunchScreen.storyboard */; };
		309B91761EAFA61C002557B1 /* ADSocketLoger.m in Sources */ = {isa = PBXBuildFile; fileRef = 309B91751EAFA61C002557B1 /* ADSocketLoger.m */; };
		30D65F611EB235510083F011 /* ADRocker.m in Sources */ = {isa = PBXBuildFile; fileRef = 30D65F601EB235510083F011 /* ADRocker.m */; };
		30D65F641EB39B2E0083F011 /* MediaPlayer.framework in Frameworks */ = {isa = PBXBuildFile; fileRef = 30D65F631EB39B2E0083F011 /* MediaPlayer.framework */; };
		30D65F681EB3A9A60083F011 /* libz.tbd in Frameworks */ = {isa = PBXBuildFile; fileRef = 30D65F671EB3A9A60083F011 /* libz.tbd */; };
		30D65F6A1EB3A9B60083F011 /* AudioToolbox.framework in Frameworks */ = {isa = PBXBuildFile; fileRef = 30D65F691EB3A9B60083F011 /* AudioToolbox.framework */; };
		30D65F6C1EB3A9BC0083F011 /* AVFoundation.framework in Frameworks */ = {isa = PBXBuildFile; fileRef = 30D65F6B1EB3A9BC0083F011 /* AVFoundation.framework */; };
		30D65F6E1EB3A9C60083F011 /* CoreGraphics.framework in Frameworks */ = {isa = PBXBuildFile; fileRef = 30D65F6D1EB3A9C60083F011 /* CoreGraphics.framework */; };
		30D65F701EB3A9CF0083F011 /* CoreMedia.framework in Frameworks */ = {isa = PBXBuildFile; fileRef = 30D65F6F1EB3A9CF0083F011 /* CoreMedia.framework */; };
		30D65F721EB3A9D50083F011 /* CoreVideo.framework in Frameworks */ = {isa = PBXBuildFile; fileRef = 30D65F711EB3A9D50083F011 /* CoreVideo.framework */; };
		30D65F741EB3A9E70083F011 /* MobileCoreServices.framework in Frameworks */ = {isa = PBXBuildFile; fileRef = 30D65F731EB3A9E70083F011 /* MobileCoreServices.framework */; };
		30D65F761EB3AA4E0083F011 /* OpenGLES.framework in Frameworks */ = {isa = PBXBuildFile; fileRef = 30D65F751EB3AA4E0083F011 /* OpenGLES.framework */; };
		30D65F791EB78D030083F011 /* libbz2.tbd in Frameworks */ = {isa = PBXBuildFile; fileRef = 30D65F781EB78D030083F011 /* libbz2.tbd */; };
		30D65F7B1EB78D250083F011 /* VideoToolbox.framework in Frameworks */ = {isa = PBXBuildFile; fileRef = 30D65F7A1EB78D250083F011 /* VideoToolbox.framework */; };
		30D65F7D1EB78D320083F011 /* QuartzCore.framework in Frameworks */ = {isa = PBXBuildFile; fileRef = 30D65F7C1EB78D320083F011 /* QuartzCore.framework */; };
		39B609D804EF0F2B559B52A5 /* Pods_RasberryPiCar.framework in Frameworks */ = {isa = PBXBuildFile; fileRef = 76C951F9497F850BEF591DC8 /* Pods_RasberryPiCar.framework */; };
		BECA65311EBB2A700072CB1C /* libiconv.tbd in Frameworks */ = {isa = PBXBuildFile; fileRef = BECA65301EBB2A700072CB1C /* libiconv.tbd */; };
		BECA65331EBB2A850072CB1C /* libstdc++.6.0.9.tbd in Frameworks */ = {isa = PBXBuildFile; fileRef = BECA65321EBB2A850072CB1C /* libstdc++.6.0.9.tbd */; };
/* End PBXBuildFile section */

/* Begin PBXFileReference section */
		309B914A1EAFA54C002557B1 /* RasberryPiCar.app */ = {isa = PBXFileReference; explicitFileType = wrapper.application; includeInIndex = 0; path = RasberryPiCar.app; sourceTree = BUILT_PRODUCTS_DIR; };
		309B914E1EAFA54C002557B1 /* main.m */ = {isa = PBXFileReference; lastKnownFileType = sourcecode.c.objc; path = main.m; sourceTree = "<group>"; };
		309B91501EAFA54C002557B1 /* AppDelegate.h */ = {isa = PBXFileReference; lastKnownFileType = sourcecode.c.h; path = AppDelegate.h; sourceTree = "<group>"; };
		309B91511EAFA54C002557B1 /* AppDelegate.m */ = {isa = PBXFileReference; lastKnownFileType = sourcecode.c.objc; path = AppDelegate.m; sourceTree = "<group>"; };
		309B91531EAFA54C002557B1 /* ViewController.h */ = {isa = PBXFileReference; lastKnownFileType = sourcecode.c.h; path = ViewController.h; sourceTree = "<group>"; };
		309B91541EAFA54C002557B1 /* ViewController.m */ = {isa = PBXFileReference; lastKnownFileType = sourcecode.c.objc; path = ViewController.m; sourceTree = "<group>"; };
		309B91571EAFA54C002557B1 /* Base */ = {isa = PBXFileReference; lastKnownFileType = file.storyboard; name = Base; path = Base.lproj/Main.storyboard; sourceTree = "<group>"; };
		309B91591EAFA54C002557B1 /* Assets.xcassets */ = {isa = PBXFileReference; lastKnownFileType = folder.assetcatalog; path = Assets.xcassets; sourceTree = "<group>"; };
		309B915C1EAFA54C002557B1 /* Base */ = {isa = PBXFileReference; lastKnownFileType = file.storyboard; name = Base; path = Base.lproj/LaunchScreen.storyboard; sourceTree = "<group>"; };
		309B915E1EAFA54C002557B1 /* Info.plist */ = {isa = PBXFileReference; lastKnownFileType = text.plist.xml; path = Info.plist; sourceTree = "<group>"; };
		309B91741EAFA61C002557B1 /* ADSocketLoger.h */ = {isa = PBXFileReference; fileEncoding = 4; lastKnownFileType = sourcecode.c.h; path = ADSocketLoger.h; sourceTree = "<group>"; };
		309B91751EAFA61C002557B1 /* ADSocketLoger.m */ = {isa = PBXFileReference; fileEncoding = 4; lastKnownFileType = sourcecode.c.objc; path = ADSocketLoger.m; sourceTree = "<group>"; };
		30D65F5F1EB235510083F011 /* ADRocker.h */ = {isa = PBXFileReference; fileEncoding = 4; lastKnownFileType = sourcecode.c.h; path = ADRocker.h; sourceTree = "<group>"; };
		30D65F601EB235510083F011 /* ADRocker.m */ = {isa = PBXFileReference; fileEncoding = 4; lastKnownFileType = sourcecode.c.objc; path = ADRocker.m; sourceTree = "<group>"; };
		30D65F631EB39B2E0083F011 /* MediaPlayer.framework */ = {isa = PBXFileReference; lastKnownFileType = wrapper.framework; name = MediaPlayer.framework; path = System/Library/Frameworks/MediaPlayer.framework; sourceTree = SDKROOT; };
		30D65F671EB3A9A60083F011 /* libz.tbd */ = {isa = PBXFileReference; lastKnownFileType = "sourcecode.text-based-dylib-definition"; name = libz.tbd; path = usr/lib/libz.tbd; sourceTree = SDKROOT; };
		30D65F691EB3A9B60083F011 /* AudioToolbox.framework */ = {isa = PBXFileReference; lastKnownFileType = wrapper.framework; name = AudioToolbox.framework; path = System/Library/Frameworks/AudioToolbox.framework; sourceTree = SDKROOT; };
		30D65F6B1EB3A9BC0083F011 /* AVFoundation.framework */ = {isa = PBXFileReference; lastKnownFileType = wrapper.framework; name = AVFoundation.framework; path = System/Library/Frameworks/AVFoundation.framework; sourceTree = SDKROOT; };
		30D65F6D1EB3A9C60083F011 /* CoreGraphics.framework */ = {isa = PBXFileReference; lastKnownFileType = wrapper.framework; name = CoreGraphics.framework; path = System/Library/Frameworks/CoreGraphics.framework; sourceTree = SDKROOT; };
		30D65F6F1EB3A9CF0083F011 /* CoreMedia.framework */ = {isa = PBXFileReference; lastKnownFileType = wrapper.framework; name = CoreMedia.framework; path = System/Library/Frameworks/CoreMedia.framework; sourceTree = SDKROOT; };
		30D65F711EB3A9D50083F011 /* CoreVideo.framework */ = {isa = PBXFileReference; lastKnownFileType = wrapper.framework; name = CoreVideo.framework; path = System/Library/Frameworks/CoreVideo.framework; sourceTree = SDKROOT; };
		30D65F731EB3A9E70083F011 /* MobileCoreServices.framework */ = {isa = PBXFileReference; lastKnownFileType = wrapper.framework; name = MobileCoreServices.framework; path = System/Library/Frameworks/MobileCoreServices.framework; sourceTree = SDKROOT; };
		30D65F751EB3AA4E0083F011 /* OpenGLES.framework */ = {isa = PBXFileReference; lastKnownFileType = wrapper.framework; name = OpenGLES.framework; path = System/Library/Frameworks/OpenGLES.framework; sourceTree = SDKROOT; };
		30D65F781EB78D030083F011 /* libbz2.tbd */ = {isa = PBXFileReference; lastKnownFileType = "sourcecode.text-based-dylib-definition"; name = libbz2.tbd; path = usr/lib/libbz2.tbd; sourceTree = SDKROOT; };
		30D65F7A1EB78D250083F011 /* VideoToolbox.framework */ = {isa = PBXFileReference; lastKnownFileType = wrapper.framework; name = VideoToolbox.framework; path = System/Library/Frameworks/VideoToolbox.framework; sourceTree = SDKROOT; };
		30D65F7C1EB78D320083F011 /* QuartzCore.framework */ = {isa = PBXFileReference; lastKnownFileType = wrapper.framework; name = QuartzCore.framework; path = System/Library/Frameworks/QuartzCore.framework; sourceTree = SDKROOT; };
		76C951F9497F850BEF591DC8 /* Pods_RasberryPiCar.framework */ = {isa = PBXFileReference; explicitFileType = wrapper.framework; includeInIndex = 0; path = Pods_RasberryPiCar.framework; sourceTree = BUILT_PRODUCTS_DIR; };
		B58AF70E1324A98C7D388C70 /* Pods-RasberryPiCar.release.xcconfig */ = {isa = PBXFileReference; includeInIndex = 1; lastKnownFileType = text.xcconfig; name = "Pods-RasberryPiCar.release.xcconfig"; path = "Pods/Target Support Files/Pods-RasberryPiCar/Pods-RasberryPiCar.release.xcconfig"; sourceTree = "<group>"; };
		BECA65301EBB2A700072CB1C /* libiconv.tbd */ = {isa = PBXFileReference; lastKnownFileType = "sourcecode.text-based-dylib-definition"; name = libiconv.tbd; path = usr/lib/libiconv.tbd; sourceTree = SDKROOT; };
		BECA65321EBB2A850072CB1C /* libstdc++.6.0.9.tbd */ = {isa = PBXFileReference; lastKnownFileType = "sourcecode.text-based-dylib-definition"; name = "libstdc++.6.0.9.tbd"; path = "usr/lib/libstdc++.6.0.9.tbd"; sourceTree = SDKROOT; };
		F2B5E6CDD9D3E48B94AD0DA1 /* Pods-RasberryPiCar.debug.xcconfig */ = {isa = PBXFileReference; includeInIndex = 1; lastKnownFileType = text.xcconfig; name = "Pods-RasberryPiCar.debug.xcconfig"; path = "Pods/Target Support Files/Pods-RasberryPiCar/Pods-RasberryPiCar.debug.xcconfig"; sourceTree = "<group>"; };
/* End PBXFileReference section */

/* Begin PBXFrameworksBuildPhase section */
		309B91471EAFA54C002557B1 /* Frameworks */ = {
			isa = PBXFrameworksBuildPhase;
			buildActionMask = 2147483647;
			files = (
				BECA65331EBB2A850072CB1C /* libstdc++.6.0.9.tbd in Frameworks */,
				BECA65311EBB2A700072CB1C /* libiconv.tbd in Frameworks */,
				30D65F7D1EB78D320083F011 /* QuartzCore.framework in Frameworks */,
				30D65F7B1EB78D250083F011 /* VideoToolbox.framework in Frameworks */,
				30D65F791EB78D030083F011 /* libbz2.tbd in Frameworks */,
				30D65F761EB3AA4E0083F011 /* OpenGLES.framework in Frameworks */,
				30D65F741EB3A9E70083F011 /* MobileCoreServices.framework in Frameworks */,
				30D65F641EB39B2E0083F011 /* MediaPlayer.framework in Frameworks */,
				30D65F721EB3A9D50083F011 /* CoreVideo.framework in Frameworks */,
				30D65F701EB3A9CF0083F011 /* CoreMedia.framework in Frameworks */,
				30D65F6E1EB3A9C60083F011 /* CoreGraphics.framework in Frameworks */,
				30D65F6C1EB3A9BC0083F011 /* AVFoundation.framework in Frameworks */,
				30D65F6A1EB3A9B60083F011 /* AudioToolbox.framework in Frameworks */,
				30D65F681EB3A9A60083F011 /* libz.tbd in Frameworks */,
				39B609D804EF0F2B559B52A5 /* Pods_RasberryPiCar.framework in Frameworks */,
			);
			runOnlyForDeploymentPostprocessing = 0;
		};
/* End PBXFrameworksBuildPhase section */

/* Begin PBXGroup section */
		309B91411EAFA54C002557B1 = {
			isa = PBXGroup;
			children = (
				309B914C1EAFA54C002557B1 /* RasberryPiCar */,
				309B914B1EAFA54C002557B1 /* Products */,
				30D65F621EB39B2E0083F011 /* Frameworks */,
				6C2E207FBE64060318AACD78 /* Pods */,
			);
			sourceTree = "<group>";
		};
		309B914B1EAFA54C002557B1 /* Products */ = {
			isa = PBXGroup;
			children = (
				309B914A1EAFA54C002557B1 /* RasberryPiCar.app */,
			);
			name = Products;
			sourceTree = "<group>";
		};
		309B914C1EAFA54C002557B1 /* RasberryPiCar */ = {
			isa = PBXGroup;
			children = (
				309B91501EAFA54C002557B1 /* AppDelegate.h */,
				309B91511EAFA54C002557B1 /* AppDelegate.m */,
				30D65F5F1EB235510083F011 /* ADRocker.h */,
				30D65F601EB235510083F011 /* ADRocker.m */,
				309B91741EAFA61C002557B1 /* ADSocketLoger.h */,
				309B91751EAFA61C002557B1 /* ADSocketLoger.m */,
				309B91531EAFA54C002557B1 /* ViewController.h */,
				309B91541EAFA54C002557B1 /* ViewController.m */,
				309B91561EAFA54C002557B1 /* Main.storyboard */,
				309B91591EAFA54C002557B1 /* Assets.xcassets */,
				309B915B1EAFA54C002557B1 /* LaunchScreen.storyboard */,
				309B915E1EAFA54C002557B1 /* Info.plist */,
				309B914D1EAFA54C002557B1 /* Supporting Files */,
			);
			path = RasberryPiCar;
			sourceTree = "<group>";
		};
		309B914D1EAFA54C002557B1 /* Supporting Files */ = {
			isa = PBXGroup;
			children = (
				309B914E1EAFA54C002557B1 /* main.m */,
			);
			name = "Supporting Files";
			sourceTree = "<group>";
		};
		30D65F621EB39B2E0083F011 /* Frameworks */ = {
			isa = PBXGroup;
			children = (
				BECA65321EBB2A850072CB1C /* libstdc++.6.0.9.tbd */,
				BECA65301EBB2A700072CB1C /* libiconv.tbd */,
				30D65F7C1EB78D320083F011 /* QuartzCore.framework */,
				30D65F7A1EB78D250083F011 /* VideoToolbox.framework */,
				30D65F781EB78D030083F011 /* libbz2.tbd */,
				30D65F751EB3AA4E0083F011 /* OpenGLES.framework */,
				30D65F731EB3A9E70083F011 /* MobileCoreServices.framework */,
				30D65F711EB3A9D50083F011 /* CoreVideo.framework */,
				30D65F6F1EB3A9CF0083F011 /* CoreMedia.framework */,
				30D65F6D1EB3A9C60083F011 /* CoreGraphics.framework */,
				30D65F6B1EB3A9BC0083F011 /* AVFoundation.framework */,
				30D65F691EB3A9B60083F011 /* AudioToolbox.framework */,
				30D65F671EB3A9A60083F011 /* libz.tbd */,
				30D65F631EB39B2E0083F011 /* MediaPlayer.framework */,
				76C951F9497F850BEF591DC8 /* Pods_RasberryPiCar.framework */,
			);
			name = Frameworks;
			sourceTree = "<group>";
		};
		6C2E207FBE64060318AACD78 /* Pods */ = {
			isa = PBXGroup;
			children = (
				F2B5E6CDD9D3E48B94AD0DA1 /* Pods-RasberryPiCar.debug.xcconfig */,
				B58AF70E1324A98C7D388C70 /* Pods-RasberryPiCar.release.xcconfig */,
			);
			name = Pods;
			sourceTree = "<group>";
		};
/* End PBXGroup section */

/* Begin PBXNativeTarget section */
		309B91491EAFA54C002557B1 /* RasberryPiCar */ = {
			isa = PBXNativeTarget;
			buildConfigurationList = 309B91611EAFA54C002557B1 /* Build configuration list for PBXNativeTarget "RasberryPiCar" */;
			buildPhases = (
				34BFEF5427C13475C8A30780 /* [CP] Check Pods Manifest.lock */,
				309B91461EAFA54C002557B1 /* Sources */,
				309B91471EAFA54C002557B1 /* Frameworks */,
				309B91481EAFA54C002557B1 /* Resources */,
				BFA90C85C921972F52F1ECEE /* [CP] Embed Pods Frameworks */,
				A47F5D13D2C1C3BEBFA7DB9F /* [CP] Copy Pods Resources */,
			);
			buildRules = (
			);
			dependencies = (
			);
			name = RasberryPiCar;
			productName = RasberryPiCar;
			productReference = 309B914A1EAFA54C002557B1 /* RasberryPiCar.app */;
			productType = "com.apple.product-type.application";
		};
/* End PBXNativeTarget section */

/* Begin PBXProject section */
		309B91421EAFA54C002557B1 /* Project object */ = {
			isa = PBXProject;
			attributes = {
				LastUpgradeCheck = 0820;
				ORGANIZATIONNAME = "杜 泽旭";
				TargetAttributes = {
					309B91491EAFA54C002557B1 = {
						CreatedOnToolsVersion = 8.2.1;
						DevelopmentTeam = S6ZSA2VV9P;
						ProvisioningStyle = Automatic;
					};
				};
			};
			buildConfigurationList = 309B91451EAFA54C002557B1 /* Build configuration list for PBXProject "RasberryPiCar" */;
			compatibilityVersion = "Xcode 3.2";
			developmentRegion = English;
			hasScannedForEncodings = 0;
			knownRegions = (
				en,
				Base,
			);
			mainGroup = 309B91411EAFA54C002557B1;
			productRefGroup = 309B914B1EAFA54C002557B1 /* Products */;
			projectDirPath = "";
			projectRoot = "";
			targets = (
				309B91491EAFA54C002557B1 /* RasberryPiCar */,
			);
		};
/* End PBXProject section */

/* Begin PBXResourcesBuildPhase section */
		309B91481EAFA54C002557B1 /* Resources */ = {
			isa = PBXResourcesBuildPhase;
			buildActionMask = 2147483647;
			files = (
				309B915D1EAFA54C002557B1 /* LaunchScreen.storyboard in Resources */,
				309B915A1EAFA54C002557B1 /* Assets.xcassets in Resources */,
				309B91581EAFA54C002557B1 /* Main.storyboard in Resources */,
			);
			runOnlyForDeploymentPostprocessing = 0;
		};
/* End PBXResourcesBuildPhase section */

/* Begin PBXShellScriptBuildPhase section */
		34BFEF5427C13475C8A30780 /* [CP] Check Pods Manifest.lock */ = {
			isa = PBXShellScriptBuildPhase;
			buildActionMask = 2147483647;
			files = (
			);
			inputPaths = (
			);
			name = "[CP] Check Pods Manifest.lock";
			outputPaths = (
			);
			runOnlyForDeploymentPostprocessing = 0;
			shellPath = /bin/sh;
			shellScript = "diff \"${PODS_ROOT}/../Podfile.lock\" \"${PODS_ROOT}/Manifest.lock\" > /dev/null\nif [ $? != 0 ] ; then\n    # print error to STDERR\n    echo \"error: The sandbox is not in sync with the Podfile.lock. Run 'pod install' or update your CocoaPods installation.\" >&2\n    exit 1\nfi\n";
			showEnvVarsInLog = 0;
		};
		A47F5D13D2C1C3BEBFA7DB9F /* [CP] Copy Pods Resources */ = {
			isa = PBXShellScriptBuildPhase;
			buildActionMask = 2147483647;
			files = (
			);
			inputPaths = (
			);
			name = "[CP] Copy Pods Resources";
			outputPaths = (
			);
			runOnlyForDeploymentPostprocessing = 0;
			shellPath = /bin/sh;
			shellScript = "\"${SRCROOT}/Pods/Target Support Files/Pods-RasberryPiCar/Pods-RasberryPiCar-resources.sh\"\n";
			showEnvVarsInLog = 0;
		};
		BFA90C85C921972F52F1ECEE /* [CP] Embed Pods Frameworks */ = {
			isa = PBXShellScriptBuildPhase;
			buildActionMask = 2147483647;
			files = (
			);
			inputPaths = (
			);
			name = "[CP] Embed Pods Frameworks";
			outputPaths = (
			);
			runOnlyForDeploymentPostprocessing = 0;
			shellPath = /bin/sh;
			shellScript = "\"${SRCROOT}/Pods/Target Support Files/Pods-RasberryPiCar/Pods-RasberryPiCar-frameworks.sh\"\n";
			showEnvVarsInLog = 0;
		};
/* End PBXShellScriptBuildPhase section */

/* Begin PBXSourcesBuildPhase section */
		309B91461EAFA54C002557B1 /* Sources */ = {
			isa = PBXSourcesBuildPhase;
			buildActionMask = 2147483647;
			files = (
				309B91761EAFA61C002557B1 /* ADSocketLoger.m in Sources */,
				30D65F611EB235510083F011 /* ADRocker.m in Sources */,
				309B91551EAFA54C002557B1 /* ViewController.m in Sources */,
				309B91521EAFA54C002557B1 /* AppDelegate.m in Sources */,
				309B914F1EAFA54C002557B1 /* main.m in Sources */,
			);
			runOnlyForDeploymentPostprocessing = 0;
		};
/* End PBXSourcesBuildPhase section */

/* Begin PBXVariantGroup section */
		309B91561EAFA54C002557B1 /* Main.storyboard */ = {
			isa = PBXVariantGroup;
			children = (
				309B91571EAFA54C002557B1 /* Base */,
			);
			name = Main.storyboard;
			sourceTree = "<group>";
		};
		309B915B1EAFA54C002557B1 /* LaunchScreen.storyboard */ = {
			isa = PBXVariantGroup;
			children = (
				309B915C1EAFA54C002557B1 /* Base */,
			);
			name = LaunchScreen.storyboard;
			sourceTree = "<group>";
		};
/* End PBXVariantGroup section */

/* Begin XCBuildConfiguration section */
		309B915F1EAFA54C002557B1 /* Debug */ = {
			isa = XCBuildConfiguration;
			buildSettings = {
				ALWAYS_SEARCH_USER_PATHS = NO;
				CLANG_ANALYZER_NONNULL = YES;
				CLANG_CXX_LANGUAGE_STANDARD = "gnu++0x";
				CLANG_CXX_LIBRARY = "libc++";
				CLANG_ENABLE_MODULES = YES;
				CLANG_ENABLE_OBJC_ARC = YES;
				CLANG_WARN_BOOL_CONVERSION = YES;
				CLANG_WARN_CONSTANT_CONVERSION = YES;
				CLANG_WARN_DIRECT_OBJC_ISA_USAGE = YES_ERROR;
				CLANG_WARN_DOCUMENTATION_COMMENTS = YES;
				CLANG_WARN_EMPTY_BODY = YES;
				CLANG_WARN_ENUM_CONVERSION = YES;
				CLANG_WARN_INFINITE_RECURSION = YES;
				CLANG_WARN_INT_CONVERSION = YES;
				CLANG_WARN_OBJC_ROOT_CLASS = YES_ERROR;
				CLANG_WARN_SUSPICIOUS_MOVE = YES;
				CLANG_WARN_UNREACHABLE_CODE = YES;
				CLANG_WARN__DUPLICATE_METHOD_MATCH = YES;
				"CODE_SIGN_IDENTITY[sdk=iphoneos*]" = "iPhone Developer";
				COPY_PHASE_STRIP = NO;
				DEBUG_INFORMATION_FORMAT = dwarf;
				ENABLE_STRICT_OBJC_MSGSEND = YES;
				ENABLE_TESTABILITY = YES;
				GCC_C_LANGUAGE_STANDARD = gnu99;
				GCC_DYNAMIC_NO_PIC = NO;
				GCC_NO_COMMON_BLOCKS = YES;
				GCC_OPTIMIZATION_LEVEL = 0;
				GCC_PREPROCESSOR_DEFINITIONS = (
					"DEBUG=1",
					"$(inherited)",
				);
				GCC_WARN_64_TO_32_BIT_CONVERSION = YES;
				GCC_WARN_ABOUT_RETURN_TYPE = YES_ERROR;
				GCC_WARN_UNDECLARED_SELECTOR = YES;
				GCC_WARN_UNINITIALIZED_AUTOS = YES_AGGRESSIVE;
				GCC_WARN_UNUSED_FUNCTION = YES;
				GCC_WARN_UNUSED_VARIABLE = YES;
				IPHONEOS_DEPLOYMENT_TARGET = 10.2;
				MTL_ENABLE_DEBUG_INFO = YES;
				ONLY_ACTIVE_ARCH = YES;
				SDKROOT = iphoneos;
			};
			name = Debug;
		};
		309B91601EAFA54C002557B1 /* Release */ = {
			isa = XCBuildConfiguration;
			buildSettings = {
				ALWAYS_SEARCH_USER_PATHS = NO;
				CLANG_ANALYZER_NONNULL = YES;
				CLANG_CXX_LANGUAGE_STANDARD = "gnu++0x";
				CLANG_CXX_LIBRARY = "libc++";
				CLANG_ENABLE_MODULES = YES;
				CLANG_ENABLE_OBJC_ARC = YES;
				CLANG_WARN_BOOL_CONVERSION = YES;
				CLANG_WARN_CONSTANT_CONVERSION = YES;
				CLANG_WARN_DIRECT_OBJC_ISA_USAGE = YES_ERROR;
				CLANG_WARN_DOCUMENTATION_COMMENTS = YES;
				CLANG_WARN_EMPTY_BODY = YES;
				CLANG_WARN_ENUM_CONVERSION = YES;
				CLANG_WARN_INFINITE_RECURSION = YES;
				CLANG_WARN_INT_CONVERSION = YES;
				CLANG_WARN_OBJC_ROOT_CLASS = YES_ERROR;
				CLANG_WARN_SUSPICIOUS_MOVE = YES;
				CLANG_WARN_UNREACHABLE_CODE = YES;
				CLANG_WARN__DUPLICATE_METHOD_MATCH = YES;
				"CODE_SIGN_IDENTITY[sdk=iphoneos*]" = "iPhone Developer";
				COPY_PHASE_STRIP = NO;
				DEBUG_INFORMATION_FORMAT = "dwarf-with-dsym";
				ENABLE_NS_ASSERTIONS = NO;
				ENABLE_STRICT_OBJC_MSGSEND = YES;
				GCC_C_LANGUAGE_STANDARD = gnu99;
				GCC_NO_COMMON_BLOCKS = YES;
				GCC_WARN_64_TO_32_BIT_CONVERSION = YES;
				GCC_WARN_ABOUT_RETURN_TYPE = YES_ERROR;
				GCC_WARN_UNDECLARED_SELECTOR = YES;
				GCC_WARN_UNINITIALIZED_AUTOS = YES_AGGRESSIVE;
				GCC_WARN_UNUSED_FUNCTION = YES;
				GCC_WARN_UNUSED_VARIABLE = YES;
				IPHONEOS_DEPLOYMENT_TARGET = 10.2;
				MTL_ENABLE_DEBUG_INFO = NO;
				SDKROOT = iphoneos;
				VALIDATE_PRODUCT = YES;
			};
			name = Release;
		};
		309B91621EAFA54C002557B1 /* Debug */ = {
			isa = XCBuildConfiguration;
			baseConfigurationReference = F2B5E6CDD9D3E48B94AD0DA1 /* Pods-RasberryPiCar.debug.xcconfig */;
			buildSettings = {
				ASSETCATALOG_COMPILER_APPICON_NAME = AppIcon;
				DEVELOPMENT_TEAM = S6ZSA2VV9P;
				ENABLE_BITCODE = NO;
				FRAMEWORK_SEARCH_PATHS = (
					"$(inherited)",
					"$(PROJECT_DIR)/RasberryPiCar/CocoaAsyncSocket",
				);
				INFOPLIST_FILE = RasberryPiCar/Info.plist;
				IPHONEOS_DEPLOYMENT_TARGET = 9.0;
				LD_RUNPATH_SEARCH_PATHS = "$(inherited) @executable_path/Frameworks";
				PRODUCT_BUNDLE_IDENTIFIER = com.duzexu.RasberryPiCar;
				PRODUCT_NAME = "$(TARGET_NAME)";
			};
			name = Debug;
		};
		309B91631EAFA54C002557B1 /* Release */ = {
			isa = XCBuildConfiguration;
			baseConfigurationReference = B58AF70E1324A98C7D388C70 /* Pods-RasberryPiCar.release.xcconfig */;
			buildSettings = {
				ASSETCATALOG_COMPILER_APPICON_NAME = AppIcon;
				DEVELOPMENT_TEAM = S6ZSA2VV9P;
				ENABLE_BITCODE = NO;
				FRAMEWORK_SEARCH_PATHS = (
					"$(inherited)",
					"$(PROJECT_DIR)/RasberryPiCar/CocoaAsyncSocket",
				);
				INFOPLIST_FILE = RasberryPiCar/Info.plist;
				IPHONEOS_DEPLOYMENT_TARGET = 9.0;
				LD_RUNPATH_SEARCH_PATHS = "$(inherited) @executable_path/Frameworks";
				PRODUCT_BUNDLE_IDENTIFIER = com.duzexu.RasberryPiCar;
				PRODUCT_NAME = "$(TARGET_NAME)";
			};
			name = Release;
		};
/* End XCBuildConfiguration section */

/* Begin XCConfigurationList section */
		309B91451EAFA54C002557B1 /* Build configuration list for PBXProject "RasberryPiCar" */ = {
			isa = XCConfigurationList;
			buildConfigurations = (
				309B915F1EAFA54C002557B1 /* Debug */,
				309B91601EAFA54C002557B1 /* Release */,
			);
			defaultConfigurationIsVisible = 0;
			defaultConfigurationName = Release;
		};
		309B91611EAFA54C002557B1 /* Build configuration list for PBXNativeTarget "RasberryPiCar" */ = {
			isa = XCConfigurationList;
			buildConfigurations = (
				309B91621EAFA54C002557B1 /* Debug */,
				309B91631EAFA54C002557B1 /* Release */,
			);
			defaultConfigurationIsVisible = 0;
			defaultConfigurationName = Release;
		};
/* End XCConfigurationList section */
	};
	rootObject = 309B91421EAFA54C002557B1 /* Project object */;
}
